
Microsoft Visual Studio Solution File, Format Version 12.00
# Visual Studio Version 16
VisualStudioVersion = 16.0.29806.167
MinimumVisualStudioVersion = 10.0.40219.1
Project("{FAE04EC0-301F-11D3-BF4B-00C04F79EFBC}") = "PokemonGBAFramework", "PokemonGBAFramework\PokemonGBAFramework.csproj", "{0B635B6B-7D34-4355-A3E9-FA6FD8D410DF}"
EndProject
Global
	GlobalSection(SolutionConfigurationPlatforms) = preSolution
		Debug|Any CPU = Debug|Any CPU
		Release|Any CPU = Release|Any CPU
	EndGlobalSection
	GlobalSection(ProjectConfigurationPlatforms) = postSolution
		{0B635B6B-7D34-4355-A3E9-FA6FD8D410DF}.Debug|Any CPU.ActiveCfg = Debug|Any CPU
		{0B635B6B-7D34-4355-A3E9-FA6FD8D410DF}.Debug|Any CPU.Build.0 = Debug|Any CPU
		{0B635B6B-7D34-4355-A3E9-FA6FD8D410DF}.Release|Any CPU.ActiveCfg = Release|Any CPU
		{0B635B6B-7D34-4355-A3E9-FA6FD8D410DF}.Release|Any CPU.Build.0 = Release|Any CPU
	EndGlobalSection
	GlobalSection(SolutionProperties) = preSolution
		HideSolutionNode = FALSE
	EndGlobalSection
	GlobalSection(ExtensibilityGlobals) = postSolution
		SolutionGuid = {9C92A760-4719-400C-A3F5-6FFDC501F669}
	EndGlobalSection
EndGlobal
